# THIS IS AN AUTOGENERATED FILE. DO NOT EDIT THIS FILE DIRECTLY.
# yarn lockfile v1


scroll-behavior-polyfill@^2.0.7:
  version "2.0.7"
  resolved "https://registry.yarnpkg.com/scroll-behavior-polyfill/-/scroll-behavior-polyfill-2.0.7.tgz#836a9cb72d27162a63b2b6a3bafdb21f29d127cb"
  integrity sha512-ySxgev9eLb3ZFHofs/6+5IEHt0G0gIbX0WsJ8DQC6u+/Ymz+JT4qDE9hZLqPzgqYJ4bILMnqtNz+0nLG53WLEw==

typescript@^3.5.2:
  version "3.5.2"
  resolved "https://registry.yarnpkg.com/typescript/-/typescript-3.5.2.tgz#a09e1dc69bc9551cadf17dba10ee42cf55e5d56c"
  integrity sha512-7KxJovlYhTX5RaRbUdkAXN1KUZ8PwWlTzQdHV6xNqvuFOs7+WBo10TQUqT19Q/Jz2hk5v9TQDIhyLhhJY4p5AA==
